// !$*UTF8*$!
{
	archiveVersion = 1;
	classes = {
	};
	objectVersion = 50;
	objects = {

/* Begin PBXBuildFile section */
		7797474B21138B13002522F5 /* AppDelegate.swift in Sources */ = {isa = PBXBuildFile; fileRef = 7797474A21138B13002522F5 /* AppDelegate.swift */; };
		7797474D21138B13002522F5 /* ViewController.swift in Sources */ = {isa = PBXBuildFile; fileRef = 7797474C21138B13002522F5 /* ViewController.swift */; };
		7797475021138B13002522F5 /* Main.storyboard in Resources */ = {isa = PBXBuildFile; fileRef = 7797474E21138B13002522F5 /* Main.storyboard */; };
		7797475321138B13002522F5 /* mizumizu.xcdatamodeld in Sources */ = {isa = PBXBuildFile; fileRef = 7797475121138B13002522F5 /* mizumizu.xcdatamodeld */; };
		7797475521138B14002522F5 /* Assets.xcassets in Resources */ = {isa = PBXBuildFile; fileRef = 7797475421138B14002522F5 /* Assets.xcassets */; };
		7797475821138B14002522F5 /* LaunchScreen.storyboard in Resources */ = {isa = PBXBuildFile; fileRef = 7797475621138B14002522F5 /* LaunchScreen.storyboard */; };
		779747832113CF89002522F5 /* FirstViewController.swift in Sources */ = {isa = PBXBuildFile; fileRef = 779747812113CF89002522F5 /* FirstViewController.swift */; };
		779747842113CF89002522F5 /* SecondViewController.swift in Sources */ = {isa = PBXBuildFile; fileRef = 779747822113CF89002522F5 /* SecondViewController.swift */; };
/* End PBXBuildFile section */

/* Begin PBXFileReference section */
		7797474721138B13002522F5 /* mizumizu.app */ = {isa = PBXFileReference; explicitFileType = wrapper.application; includeInIndex = 0; path = mizumizu.app; sourceTree = BUILT_PRODUCTS_DIR; };
		7797474A21138B13002522F5 /* AppDelegate.swift */ = {isa = PBXFileReference; lastKnownFileType = sourcecode.swift; path = AppDelegate.swift; sourceTree = "<group>"; };
		7797474C21138B13002522F5 /* ViewController.swift */ = {isa = PBXFileReference; lastKnownFileType = sourcecode.swift; path = ViewController.swift; sourceTree = "<group>"; };
		7797474F21138B13002522F5 /* Base */ = {isa = PBXFileReference; lastKnownFileType = file.storyboard; name = Base; path = Base.lproj/Main.storyboard; sourceTree = "<group>"; };
		7797475221138B13002522F5 /* mizumizu.xcdatamodel */ = {isa = PBXFileReference; lastKnownFileType = wrapper.xcdatamodel; path = mizumizu.xcdatamodel; sourceTree = "<group>"; };
		7797475421138B14002522F5 /* Assets.xcassets */ = {isa = PBXFileReference; lastKnownFileType = folder.assetcatalog; path = Assets.xcassets; sourceTree = "<group>"; };
		7797475721138B14002522F5 /* Base */ = {isa = PBXFileReference; lastKnownFileType = file.storyboard; name = Base; path = Base.lproj/LaunchScreen.storyboard; sourceTree = "<group>"; };
		7797475921138B14002522F5 /* Info.plist */ = {isa = PBXFileReference; lastKnownFileType = text.plist.xml; path = Info.plist; sourceTree = "<group>"; };
		779747812113CF89002522F5 /* FirstViewController.swift */ = {isa = PBXFileReference; fileEncoding = 4; lastKnownFileType = sourcecode.swift; path = FirstViewController.swift; sourceTree = "<group>"; };
		779747822113CF89002522F5 /* SecondViewController.swift */ = {isa = PBXFileReference; fileEncoding = 4; lastKnownFileType = sourcecode.swift; path = SecondViewController.swift; sourceTree = "<group>"; };
/* End PBXFileReference section */

/* Begin PBXFrameworksBuildPhase section */
		7797474421138B13002522F5 /* Frameworks */ = {
			isa = PBXFrameworksBuildPhase;
			buildActionMask = 2147483647;
			files = (
			);
			runOnlyForDeploymentPostprocessing = 0;
		};
/* End PBXFrameworksBuildPhase section */

/* Begin PBXGroup section */
		7797473E21138B13002522F5 = {
			isa = PBXGroup;
			children = (
				7797474921138B13002522F5 /* mizumizu */,
				7797474821138B13002522F5 /* Products */,
			);
			sourceTree = "<group>";
		};
		7797474821138B13002522F5 /* Products */ = {
			isa = PBXGroup;
			children = (
				7797474721138B13002522F5 /* mizumizu.app */,
			);
			name = Products;
			sourceTree = "<group>";
		};
		7797474921138B13002522F5 /* mizumizu */ = {
			isa = PBXGroup;
			children = (
				7797474A21138B13002522F5 /* AppDelegate.swift */,
				779747812113CF89002522F5 /* FirstViewController.swift */,
				779747822113CF89002522F5 /* SecondViewController.swift */,
				7797474C21138B13002522F5 /* ViewController.swift */,
				7797474E21138B13002522F5 /* Main.storyboard */,
				7797475421138B14002522F5 /* Assets.xcassets */,
				7797475621138B14002522F5 /* LaunchScreen.storyboard */,
				7797475921138B14002522F5 /* Info.plist */,
				7797475121138B13002522F5 /* mizumizu.xcdatamodeld */,
			);
			path = mizumizu;
			sourceTree = "<group>";
		};
/* End PBXGroup section */

/* Begin PBXNativeTarget section */
		7797474621138B13002522F5 /* mizumizu */ = {
			isa = PBXNativeTarget;
			buildConfigurationList = 7797475C21138B14002522F5 /* Build configuration list for PBXNativeTarget "mizumizu" */;
			buildPhases = (
				7797474321138B13002522F5 /* Sources */,
				7797474421138B13002522F5 /* Frameworks */,
				7797474521138B13002522F5 /* Resources */,
			);
			buildRules = (
			);
			dependencies = (
			);
			name = mizumizu;
			productName = mizumizu;
			productReference = 7797474721138B13002522F5 /* mizumizu.app */;
			productType = "com.apple.product-type.application";
		};
/* End PBXNativeTarget section */

/* Begin PBXProject section */
		7797473F21138B13002522F5 /* Project object */ = {
			isa = PBXProject;
			attributes = {
				LastSwiftUpdateCheck = 0940;
				LastUpgradeCheck = 0940;
				ORGANIZATIONNAME = ryosuke_miyake;
				TargetAttributes = {
					7797474621138B13002522F5 = {
						CreatedOnToolsVersion = 9.4.1;
					};
				};
			};
			buildConfigurationList = 7797474221138B13002522F5 /* Build configuration list for PBXProject "mizumizu" */;
			compatibilityVersion = "Xcode 9.3";
			developmentRegion = en;
			hasScannedForEncodings = 0;
			knownRegions = (
				en,
				Base,
			);
			mainGroup = 7797473E21138B13002522F5;
			productRefGroup = 7797474821138B13002522F5 /* Products */;
			projectDirPath = "";
			projectRoot = "";
			targets = (
				7797474621138B13002522F5 /* mizumizu */,
			);
		};
/* End PBXProject section */

/* Begin PBXResourcesBuildPhase section */
		7797474521138B13002522F5 /* Resources */ = {
			isa = PBXResourcesBuildPhase;
			buildActionMask = 2147483647;
			files = (
				7797475821138B14002522F5 /* LaunchScreen.storyboard in Resources */,
				7797475521138B14002522F5 /* Assets.xcassets in Resources */,
				7797475021138B13002522F5 /* Main.storyboard in Resources */,
			);
			runOnlyForDeploymentPostprocessing = 0;
		};
/* End PBXResourcesBuildPhase section */

/* Begin PBXSourcesBuildPhase section */
		7797474321138B13002522F5 /* Sources */ = {
			isa = PBXSourcesBuildPhase;
			buildActionMask = 2147483647;
			files = (
				7797474D21138B13002522F5 /* ViewController.swift in Sources */,
				7797474B21138B13002522F5 /* AppDelegate.swift in Sources */,
				7797475321138B13002522F5 /* mizumizu.xcdatamodeld in Sources */,
				779747842113CF89002522F5 /* SecondViewController.swift in Sources */,
				779747832113CF89002522F5 /* FirstViewController.swift in Sources */,
			);
			runOnlyForDeploymentPostprocessing = 0;
		};
/* End PBXSourcesBuildPhase section */

/* Begin PBXVariantGroup section */
		7797474E21138B13002522F5 /* Main.storyboard */ = {
			isa = PBXVariantGroup;
			children = (
				7797474F21138B13002522F5 /* Base */,
			);
			name = Main.storyboard;
			sourceTree = "<group>";
		};
		7797475621138B14002522F5 /* LaunchScreen.storyboard */ = {
			isa = PBXVariantGroup;
			children = (
				7797475721138B14002522F5 /* Base */,
			);
			name = LaunchScreen.storyboard;
			sourceTree = "<group>";
		};
/* End PBXVariantGroup section */

/* Begin XCBuildConfiguration section */
		7797475A21138B14002522F5 /* Debug */ = {
			isa = XCBuildConfiguration;
			buildSettings = {
				ALWAYS_SEARCH_USER_PATHS = NO;
				CLANG_ANALYZER_NONNULL = YES;
				CLANG_ANALYZER_NUMBER_OBJECT_CONVERSION = YES_AGGRESSIVE;
				CLANG_CXX_LANGUAGE_STANDARD = "gnu++14";
				CLANG_CXX_LIBRARY = "libc++";
				CLANG_ENABLE_MODULES = YES;
				CLANG_ENABLE_OBJC_ARC = YES;
				CLANG_ENABLE_OBJC_WEAK = YES;
				CLANG_WARN_BLOCK_CAPTURE_AUTORELEASING = YES;
				CLANG_WARN_BOOL_CONVERSION = YES;
				CLANG_WARN_COMMA = YES;
				CLANG_WARN_CONSTANT_CONVERSION = YES;
				CLANG_WARN_DEPRECATED_OBJC_IMPLEMENTATIONS = YES;
				CLANG_WARN_DIRECT_OBJC_ISA_USAGE = YES_ERROR;
				CLANG_WARN_DOCUMENTATION_COMMENTS = YES;
				CLANG_WARN_EMPTY_BODY = YES;
				CLANG_WARN_ENUM_CONVERSION = YES;
				CLANG_WARN_INFINITE_RECURSION = YES;
				CLANG_WARN_INT_CONVERSION = YES;
				CLANG_WARN_NON_LITERAL_NULL_CONVERSION = YES;
				CLANG_WARN_OBJC_IMPLICIT_RETAIN_SELF = YES;
				CLANG_WARN_OBJC_LITERAL_CONVERSION = YES;
				CLANG_WARN_OBJC_ROOT_CLASS = YES_ERROR;
				CLANG_WARN_RANGE_LOOP_ANALYSIS = YES;
				CLANG_WARN_STRICT_PROTOTYPES = YES;
				CLANG_WARN_SUSPICIOUS_MOVE = YES;
				CLANG_WARN_UNGUARDED_AVAILABILITY = YES_AGGRESSIVE;
				CLANG_WARN_UNREACHABLE_CODE = YES;
				CLANG_WARN__DUPLICATE_METHOD_MATCH = YES;
				CODE_SIGN_IDENTITY = "iPhone Developer";
				COPY_PHASE_STRIP = NO;
				DEBUG_INFORMATION_FORMAT = dwarf;
				ENABLE_STRICT_OBJC_MSGSEND = YES;
				ENABLE_TESTABILITY = YES;
				GCC_C_LANGUAGE_STANDARD = gnu11;
				GCC_DYNAMIC_NO_PIC = NO;
				GCC_NO_COMMON_BLOCKS = YES;
				GCC_OPTIMIZATION_LEVEL = 0;
				GCC_PREPROCESSOR_DEFINITIONS = (
					"DEBUG=1",
					"$(inherited)",
				);
				GCC_WARN_64_TO_32_BIT_CONVERSION = YES;
				GCC_WARN_ABOUT_RETURN_TYPE = YES_ERROR;
				GCC_WARN_UNDECLARED_SELECTOR = YES;
				GCC_WARN_UNINITIALIZED_AUTOS = YES_AGGRESSIVE;
				GCC_WARN_UNUSED_FUNCTION = YES;
				GCC_WARN_UNUSED_VARIABLE = YES;
				IPHONEOS_DEPLOYMENT_TARGET = 11.4;
				MTL_ENABLE_DEBUG_INFO = YES;
				ONLY_ACTIVE_ARCH = YES;
				SDKROOT = iphoneos;
				SWIFT_ACTIVE_COMPILATION_CONDITIONS = DEBUG;
				SWIFT_OPTIMIZATION_LEVEL = "-Onone";
			};
			name = Debug;
		};
		7797475B21138B14002522F5 /* Release */ = {
			isa = XCBuildConfiguration;
			buildSettings = {
				ALWAYS_SEARCH_USER_PATHS = NO;
				CLANG_ANALYZER_NONNULL = YES;
				CLANG_ANALYZER_NUMBER_OBJECT_CONVERSION = YES_AGGRESSIVE;
				CLANG_CXX_LANGUAGE_STANDARD = "gnu++14";
				CLANG_CXX_LIBRARY = "libc++";
				CLANG_ENABLE_MODULES = YES;
				CLANG_ENABLE_OBJC_ARC = YES;
				CLANG_ENABLE_OBJC_WEAK = YES;
				CLANG_WARN_BLOCK_CAPTURE_AUTORELEASING = YES;
				CLANG_WARN_BOOL_CONVERSION = YES;
				CLANG_WARN_COMMA = YES;
				CLANG_WARN_CONSTANT_CONVERSION = YES;
				CLANG_WARN_DEPRECATED_OBJC_IMPLEMENTATIONS = YES;
				CLANG_WARN_DIRECT_OBJC_ISA_USAGE = YES_ERROR;
				CLANG_WARN_DOCUMENTATION_COMMENTS = YES;
				CLANG_WARN_EMPTY_BODY = YES;
				CLANG_WARN_ENUM_CONVERSION = YES;
				CLANG_WARN_INFINITE_RECURSION = YES;
				CLANG_WARN_INT_CONVERSION = YES;
				CLANG_WARN_NON_LITERAL_NULL_CONVERSION = YES;
				CLANG_WARN_OBJC_IMPLICIT_RETAIN_SELF = YES;
				CLANG_WARN_OBJC_LITERAL_CONVERSION = YES;
				CLANG_WARN_OBJC_ROOT_CLASS = YES_ERROR;
				CLANG_WARN_RANGE_LOOP_ANALYSIS = YES;
				CLANG_WARN_STRICT_PROTOTYPES = YES;
				CLANG_WARN_SUSPICIOUS_MOVE = YES;
				CLANG_WARN_UNGUARDED_AVAILABILITY = YES_AGGRESSIVE;
				CLANG_WARN_UNREACHABLE_CODE = YES;
				CLANG_WARN__DUPLICATE_METHOD_MATCH = YES;
				CODE_SIGN_IDENTITY = "iPhone Developer";
				COPY_PHASE_STRIP = NO;
				DEBUG_INFORMATION_FORMAT = "dwarf-with-dsym";
				ENABLE_NS_ASSERTIONS = NO;
				ENABLE_STRICT_OBJC_MSGSEND = YES;
				GCC_C_LANGUAGE_STANDARD = gnu11;
				GCC_NO_COMMON_BLOCKS = YES;
				GCC_WARN_64_TO_32_BIT_CONVERSION = YES;
				GCC_WARN_ABOUT_RETURN_TYPE = YES_ERROR;
				GCC_WARN_UNDECLARED_SELECTOR = YES;
				GCC_WARN_UNINITIALIZED_AUTOS = YES_AGGRESSIVE;
				GCC_WARN_UNUSED_FUNCTION = YES;
				GCC_WARN_UNUSED_VARIABLE = YES;
				IPHONEOS_DEPLOYMENT_TARGET = 11.4;
				MTL_ENABLE_DEBUG_INFO = NO;
				SDKROOT = iphoneos;
				SWIFT_COMPILATION_MODE = wholemodule;
				SWIFT_OPTIMIZATION_LEVEL = "-O";
				VALIDATE_PRODUCT = YES;
			};
			name = Release;
		};
		7797475D21138B14002522F5 /* Debug */ = {
			isa = XCBuildConfiguration;
			buildSettings = {
				ASSETCATALOG_COMPILER_APPICON_NAME = AppIcon;
				CODE_SIGN_STYLE = Automatic;
				INFOPLIST_FILE = mizumizu/Info.plist;
				LD_RUNPATH_SEARCH_PATHS = (
					"$(inherited)",
					"@executable_path/Frameworks",
				);
				PRODUCT_BUNDLE_IDENTIFIER = majimanji.mizumizu;
				PRODUCT_NAME = "$(TARGET_NAME)";
				SWIFT_VERSION = 4.0;
				TARGETED_DEVICE_FAMILY = "1,2";
			};
			name = Debug;
		};
		7797475E21138B14002522F5 /* Release */ = {
			isa = XCBuildConfiguration;
			buildSettings = {
				ASSETCATALOG_COMPILER_APPICON_NAME = AppIcon;
				CODE_SIGN_STYLE = Automatic;
				INFOPLIST_FILE = mizumizu/Info.plist;
				LD_RUNPATH_SEARCH_PATHS = (
					"$(inherited)",
					"@executable_path/Frameworks",
				);
				PRODUCT_BUNDLE_IDENTIFIER = majimanji.mizumizu;
				PRODUCT_NAME = "$(TARGET_NAME)";
				SWIFT_VERSION = 4.0;
				TARGETED_DEVICE_FAMILY = "1,2";
			};
			name = Release;
		};
/* End XCBuildConfiguration section */

/* Begin XCConfigurationList section */
		7797474221138B13002522F5 /* Build configuration list for PBXProject "mizumizu" */ = {
			isa = XCConfigurationList;
			buildConfigurations = (
				7797475A21138B14002522F5 /* Debug */,
				7797475B21138B14002522F5 /* Release */,
			);
			defaultConfigurationIsVisible = 0;
			defaultConfigurationName = Release;
		};
		7797475C21138B14002522F5 /* Build configuration list for PBXNativeTarget "mizumizu" */ = {
			isa = XCConfigurationList;
			buildConfigurations = (
				7797475D21138B14002522F5 /* Debug */,
				7797475E21138B14002522F5 /* Release */,
			);
			defaultConfigurationIsVisible = 0;
			defaultConfigurationName = Release;
		};
/* End XCConfigurationList section */

/* Begin XCVersionGroup section */
		7797475121138B13002522F5 /* mizumizu.xcdatamodeld */ = {
			isa = XCVersionGroup;
			children = (
				7797475221138B13002522F5 /* mizumizu.xcdatamodel */,
			);
			currentVersion = 7797475221138B13002522F5 /* mizumizu.xcdatamodel */;
			path = mizumizu.xcdatamodeld;
			sourceTree = "<group>";
			versionGroupType = wrapper.xcdatamodel;
		};
/* End XCVersionGroup section */
	};
	rootObject = 7797473F21138B13002522F5 /* Project object */;
}
